
Microsoft Visual Studio Solution File, Format Version 12.00
# Visual Studio Version 16
VisualStudioVersion = 16.0.29613.14
MinimumVisualStudioVersion = 10.0.40219.1
Project("{9A19103F-16F7-4668-BE54-9A1E7A4F7556}") = "Lesson1", "Lesson1\Lesson1.csproj", "{F24F99FD-D987-426A-84DA-85D9CB561AD3}"
EndProject
Global
	GlobalSection(SolutionConfigurationPlatforms) = preSolution
		Debug|Any CPU = Debug|Any CPU
		Release|Any CPU = Release|Any CPU
	EndGlobalSection
	GlobalSection(ProjectConfigurationPlatforms) = postSolution
		{F24F99FD-D987-426A-84DA-85D9CB561AD3}.Debug|Any CPU.ActiveCfg = Debug|Any CPU
		{F24F99FD-D987-426A-84DA-85D9CB561AD3}.Debug|Any CPU.Build.0 = Debug|Any CPU
		{F24F99FD-D987-426A-84DA-85D9CB561AD3}.Release|Any CPU.ActiveCfg = Release|Any CPU
		{F24F99FD-D987-426A-84DA-85D9CB561AD3}.Release|Any CPU.Build.0 = Release|Any CPU
	EndGlobalSection
	GlobalSection(SolutionProperties) = preSolution
		HideSolutionNode = FALSE
	EndGlobalSection
	GlobalSection(ExtensibilityGlobals) = postSolution
		SolutionGuid = {F89BCBF9-082A-49C8-963D-C3A7A08B4844}
	EndGlobalSection
EndGlobal
